// !$*UTF8*$!
{
	archiveVersion = 1;
	classes = {
	};
	objectVersion = 50;
	objects = {

/* Begin PBXBuildFile section */
		A1ADF10820D3ACA100E47E07 /* AppDelegate.swift in Sources */ = {isa = PBXBuildFile; fileRef = A1ADF10720D3ACA100E47E07 /* AppDelegate.swift */; };
		A1ADF10A20D3ACA100E47E07 /* ViewController.swift in Sources */ = {isa = PBXBuildFile; fileRef = A1ADF10920D3ACA100E47E07 /* ViewController.swift */; };
		A1ADF10D20D3ACA100E47E07 /* Main.storyboard in Resources */ = {isa = PBXBuildFile; fileRef = A1ADF10B20D3ACA100E47E07 /* Main.storyboard */; };
		A1ADF10F20D3ACA300E47E07 /* Assets.xcassets in Resources */ = {isa = PBXBuildFile; fileRef = A1ADF10E20D3ACA300E47E07 /* Assets.xcassets */; };
		A1ADF11220D3ACA300E47E07 /* LaunchScreen.storyboard in Resources */ = {isa = PBXBuildFile; fileRef = A1ADF11020D3ACA300E47E07 /* LaunchScreen.storyboard */; };
		A1ADF11A20D3B59000E47E07 /* Resnet50.mlmodel in Sources */ = {isa = PBXBuildFile; fileRef = A1ADF11920D3B59000E47E07 /* Resnet50.mlmodel */; };
		A1ADF11C20D3C9E700E47E07 /* VideoCaptureView.swift in Sources */ = {isa = PBXBuildFile; fileRef = A1ADF11B20D3C9E700E47E07 /* VideoCaptureView.swift */; };
		A1E67B112294E5BA002BDE1C /* RN1015k500.mlmodel in Sources */ = {isa = PBXBuildFile; fileRef = A1E67B102294E5BA002BDE1C /* RN1015k500.mlmodel */; };
		A1E67B152294FC18002BDE1C /* Hourglass.mlmodel in Sources */ = {isa = PBXBuildFile; fileRef = A1E67B142294FC18002BDE1C /* Hourglass.mlmodel */; };
		A1E67B172294FC2D002BDE1C /* CPM.mlmodel in Sources */ = {isa = PBXBuildFile; fileRef = A1E67B162294FC2D002BDE1C /* CPM.mlmodel */; };
/* End PBXBuildFile section */

/* Begin PBXFileReference section */
		A1ADF10420D3ACA100E47E07 /* VisionKitAndCoreML.app */ = {isa = PBXFileReference; explicitFileType = wrapper.application; includeInIndex = 0; path = VisionKitAndCoreML.app; sourceTree = BUILT_PRODUCTS_DIR; };
		A1ADF10720D3ACA100E47E07 /* AppDelegate.swift */ = {isa = PBXFileReference; lastKnownFileType = sourcecode.swift; path = AppDelegate.swift; sourceTree = "<group>"; };
		A1ADF10920D3ACA100E47E07 /* ViewController.swift */ = {isa = PBXFileReference; lastKnownFileType = sourcecode.swift; path = ViewController.swift; sourceTree = "<group>"; };
		A1ADF10C20D3ACA100E47E07 /* Base */ = {isa = PBXFileReference; lastKnownFileType = file.storyboard; name = Base; path = Base.lproj/Main.storyboard; sourceTree = "<group>"; };
		A1ADF10E20D3ACA300E47E07 /* Assets.xcassets */ = {isa = PBXFileReference; lastKnownFileType = folder.assetcatalog; path = Assets.xcassets; sourceTree = "<group>"; };
		A1ADF11120D3ACA300E47E07 /* Base */ = {isa = PBXFileReference; lastKnownFileType = file.storyboard; name = Base; path = Base.lproj/LaunchScreen.storyboard; sourceTree = "<group>"; };
		A1ADF11320D3ACA300E47E07 /* Info.plist */ = {isa = PBXFileReference; lastKnownFileType = text.plist.xml; path = Info.plist; sourceTree = "<group>"; };
		A1ADF11920D3B59000E47E07 /* Resnet50.mlmodel */ = {isa = PBXFileReference; lastKnownFileType = file.mlmodel; path = Resnet50.mlmodel; sourceTree = "<group>"; };
		A1ADF11B20D3C9E700E47E07 /* VideoCaptureView.swift */ = {isa = PBXFileReference; lastKnownFileType = sourcecode.swift; path = VideoCaptureView.swift; sourceTree = "<group>"; };
		A1E67B102294E5BA002BDE1C /* RN1015k500.mlmodel */ = {isa = PBXFileReference; lastKnownFileType = file.mlmodel; path = RN1015k500.mlmodel; sourceTree = "<group>"; };
		A1E67B142294FC18002BDE1C /* Hourglass.mlmodel */ = {isa = PBXFileReference; lastKnownFileType = file.mlmodel; path = Hourglass.mlmodel; sourceTree = "<group>"; };
		A1E67B162294FC2D002BDE1C /* CPM.mlmodel */ = {isa = PBXFileReference; lastKnownFileType = file.mlmodel; path = CPM.mlmodel; sourceTree = "<group>"; };
/* End PBXFileReference section */

/* Begin PBXFrameworksBuildPhase section */
		A1ADF10120D3ACA100E47E07 /* Frameworks */ = {
			isa = PBXFrameworksBuildPhase;
			buildActionMask = 2147483647;
			files = (
			);
			runOnlyForDeploymentPostprocessing = 0;
		};
/* End PBXFrameworksBuildPhase section */

/* Begin PBXGroup section */
		A1ADF0FB20D3ACA100E47E07 = {
			isa = PBXGroup;
			children = (
				A1ADF10620D3ACA100E47E07 /* VisionKitAndCoreML */,
				A1ADF10520D3ACA100E47E07 /* Products */,
			);
			sourceTree = "<group>";
		};
		A1ADF10520D3ACA100E47E07 /* Products */ = {
			isa = PBXGroup;
			children = (
				A1ADF10420D3ACA100E47E07 /* VisionKitAndCoreML.app */,
			);
			name = Products;
			sourceTree = "<group>";
		};
		A1ADF10620D3ACA100E47E07 /* VisionKitAndCoreML */ = {
			isa = PBXGroup;
			children = (
				A1ADF10720D3ACA100E47E07 /* AppDelegate.swift */,
				A1ADF10920D3ACA100E47E07 /* ViewController.swift */,
				A1ADF11B20D3C9E700E47E07 /* VideoCaptureView.swift */,
				A1ADF10B20D3ACA100E47E07 /* Main.storyboard */,
				A1ADF10E20D3ACA300E47E07 /* Assets.xcassets */,
				A1ADF11020D3ACA300E47E07 /* LaunchScreen.storyboard */,
				A1ADF11320D3ACA300E47E07 /* Info.plist */,
				A1E67B102294E5BA002BDE1C /* RN1015k500.mlmodel */,
				A1ADF11920D3B59000E47E07 /* Resnet50.mlmodel */,
				A1E67B142294FC18002BDE1C /* Hourglass.mlmodel */,
				A1E67B162294FC2D002BDE1C /* CPM.mlmodel */,
			);
			path = VisionKitAndCoreML;
			sourceTree = "<group>";
		};
/* End PBXGroup section */

/* Begin PBXNativeTarget section */
		A1ADF10320D3ACA100E47E07 /* VisionKitAndCoreML */ = {
			isa = PBXNativeTarget;
			buildConfigurationList = A1ADF11620D3ACA300E47E07 /* Build configuration list for PBXNativeTarget "VisionKitAndCoreML" */;
			buildPhases = (
				A1ADF10020D3ACA100E47E07 /* Sources */,
				A1ADF10120D3ACA100E47E07 /* Frameworks */,
				A1ADF10220D3ACA100E47E07 /* Resources */,
			);
			buildRules = (
			);
			dependencies = (
			);
			name = VisionKitAndCoreML;
			productName = VisionKitAndCoreML;
			productReference = A1ADF10420D3ACA100E47E07 /* VisionKitAndCoreML.app */;
			productType = "com.apple.product-type.application";
		};
/* End PBXNativeTarget section */

/* Begin PBXProject section */
		A1ADF0FC20D3ACA100E47E07 /* Project object */ = {
			isa = PBXProject;
			attributes = {
				LastSwiftUpdateCheck = 0940;
				LastUpgradeCheck = 0940;
				ORGANIZATIONNAME = JasonLee;
				TargetAttributes = {
					A1ADF10320D3ACA100E47E07 = {
						CreatedOnToolsVersion = 9.4;
						LastSwiftMigration = 1000;
					};
				};
			};
			buildConfigurationList = A1ADF0FF20D3ACA100E47E07 /* Build configuration list for PBXProject "VisionKitAndCoreML" */;
			compatibilityVersion = "Xcode 9.3";
			developmentRegion = en;
			hasScannedForEncodings = 0;
			knownRegions = (
				en,
				Base,
			);
			mainGroup = A1ADF0FB20D3ACA100E47E07;
			productRefGroup = A1ADF10520D3ACA100E47E07 /* Products */;
			projectDirPath = "";
			projectRoot = "";
			targets = (
				A1ADF10320D3ACA100E47E07 /* VisionKitAndCoreML */,
			);
		};
/* End PBXProject section */

/* Begin PBXResourcesBuildPhase section */
		A1ADF10220D3ACA100E47E07 /* Resources */ = {
			isa = PBXResourcesBuildPhase;
			buildActionMask = 2147483647;
			files = (
				A1ADF11220D3ACA300E47E07 /* LaunchScreen.storyboard in Resources */,
				A1ADF10F20D3ACA300E47E07 /* Assets.xcassets in Resources */,
				A1ADF10D20D3ACA100E47E07 /* Main.storyboard in Resources */,
			);
			runOnlyForDeploymentPostprocessing = 0;
		};
/* End PBXResourcesBuildPhase section */

/* Begin PBXSourcesBuildPhase section */
		A1ADF10020D3ACA100E47E07 /* Sources */ = {
			isa = PBXSourcesBuildPhase;
			buildActionMask = 2147483647;
			files = (
				A1E67B172294FC2D002BDE1C /* CPM.mlmodel in Sources */,
				A1ADF10A20D3ACA100E47E07 /* ViewController.swift in Sources */,
				A1ADF11A20D3B59000E47E07 /* Resnet50.mlmodel in Sources */,
				A1ADF10820D3ACA100E47E07 /* AppDelegate.swift in Sources */,
				A1E67B112294E5BA002BDE1C /* RN1015k500.mlmodel in Sources */,
				A1E67B152294FC18002BDE1C /* Hourglass.mlmodel in Sources */,
				A1ADF11C20D3C9E700E47E07 /* VideoCaptureView.swift in Sources */,
			);
			runOnlyForDeploymentPostprocessing = 0;
		};
/* End PBXSourcesBuildPhase section */

/* Begin PBXVariantGroup section */
		A1ADF10B20D3ACA100E47E07 /* Main.storyboard */ = {
			isa = PBXVariantGroup;
			children = (
				A1ADF10C20D3ACA100E47E07 /* Base */,
			);
			name = Main.storyboard;
			sourceTree = "<group>";
		};
		A1ADF11020D3ACA300E47E07 /* LaunchScreen.storyboard */ = {
			isa = PBXVariantGroup;
			children = (
				A1ADF11120D3ACA300E47E07 /* Base */,
			);
			name = LaunchScreen.storyboard;
			sourceTree = "<group>";
		};
/* End PBXVariantGroup section */

/* Begin XCBuildConfiguration section */
		A1ADF11420D3ACA300E47E07 /* Debug */ = {
			isa = XCBuildConfiguration;
			buildSettings = {
				ALWAYS_SEARCH_USER_PATHS = NO;
				CLANG_ANALYZER_NONNULL = YES;
				CLANG_ANALYZER_NUMBER_OBJECT_CONVERSION = YES_AGGRESSIVE;
				CLANG_CXX_LANGUAGE_STANDARD = "gnu++14";
				CLANG_CXX_LIBRARY = "libc++";
				CLANG_ENABLE_MODULES = YES;
				CLANG_ENABLE_OBJC_ARC = YES;
				CLANG_ENABLE_OBJC_WEAK = YES;
				CLANG_WARN_BLOCK_CAPTURE_AUTORELEASING = YES;
				CLANG_WARN_BOOL_CONVERSION = YES;
				CLANG_WARN_COMMA = YES;
				CLANG_WARN_CONSTANT_CONVERSION = YES;
				CLANG_WARN_DEPRECATED_OBJC_IMPLEMENTATIONS = YES;
				CLANG_WARN_DIRECT_OBJC_ISA_USAGE = YES_ERROR;
				CLANG_WARN_DOCUMENTATION_COMMENTS = YES;
				CLANG_WARN_EMPTY_BODY = YES;
				CLANG_WARN_ENUM_CONVERSION = YES;
				CLANG_WARN_INFINITE_RECURSION = YES;
				CLANG_WARN_INT_CONVERSION = YES;
				CLANG_WARN_NON_LITERAL_NULL_CONVERSION = YES;
				CLANG_WARN_OBJC_IMPLICIT_RETAIN_SELF = YES;
				CLANG_WARN_OBJC_LITERAL_CONVERSION = YES;
				CLANG_WARN_OBJC_ROOT_CLASS = YES_ERROR;
				CLANG_WARN_RANGE_LOOP_ANALYSIS = YES;
				CLANG_WARN_STRICT_PROTOTYPES = YES;
				CLANG_WARN_SUSPICIOUS_MOVE = YES;
				CLANG_WARN_UNGUARDED_AVAILABILITY = YES_AGGRESSIVE;
				CLANG_WARN_UNREACHABLE_CODE = YES;
				CLANG_WARN__DUPLICATE_METHOD_MATCH = YES;
				CODE_SIGN_IDENTITY = "iPhone Developer";
				COPY_PHASE_STRIP = NO;
				DEBUG_INFORMATION_FORMAT = dwarf;
				ENABLE_STRICT_OBJC_MSGSEND = YES;
				ENABLE_TESTABILITY = YES;
				GCC_C_LANGUAGE_STANDARD = gnu11;
				GCC_DYNAMIC_NO_PIC = NO;
				GCC_NO_COMMON_BLOCKS = YES;
				GCC_OPTIMIZATION_LEVEL = 0;
				GCC_PREPROCESSOR_DEFINITIONS = (
					"DEBUG=1",
					"$(inherited)",
				);
				GCC_WARN_64_TO_32_BIT_CONVERSION = YES;
				GCC_WARN_ABOUT_RETURN_TYPE = YES_ERROR;
				GCC_WARN_UNDECLARED_SELECTOR = YES;
				GCC_WARN_UNINITIALIZED_AUTOS = YES_AGGRESSIVE;
				GCC_WARN_UNUSED_FUNCTION = YES;
				GCC_WARN_UNUSED_VARIABLE = YES;
				IPHONEOS_DEPLOYMENT_TARGET = 11.4;
				MTL_ENABLE_DEBUG_INFO = YES;
				ONLY_ACTIVE_ARCH = YES;
				SDKROOT = iphoneos;
				SWIFT_ACTIVE_COMPILATION_CONDITIONS = DEBUG;
				SWIFT_OPTIMIZATION_LEVEL = "-Onone";
			};
			name = Debug;
		};
		A1ADF11520D3ACA300E47E07 /* Release */ = {
			isa = XCBuildConfiguration;
			buildSettings = {
				ALWAYS_SEARCH_USER_PATHS = NO;
				CLANG_ANALYZER_NONNULL = YES;
				CLANG_ANALYZER_NUMBER_OBJECT_CONVERSION = YES_AGGRESSIVE;
				CLANG_CXX_LANGUAGE_STANDARD = "gnu++14";
				CLANG_CXX_LIBRARY = "libc++";
				CLANG_ENABLE_MODULES = YES;
				CLANG_ENABLE_OBJC_ARC = YES;
				CLANG_ENABLE_OBJC_WEAK = YES;
				CLANG_WARN_BLOCK_CAPTURE_AUTORELEASING = YES;
				CLANG_WARN_BOOL_CONVERSION = YES;
				CLANG_WARN_COMMA = YES;
				CLANG_WARN_CONSTANT_CONVERSION = YES;
				CLANG_WARN_DEPRECATED_OBJC_IMPLEMENTATIONS = YES;
				CLANG_WARN_DIRECT_OBJC_ISA_USAGE = YES_ERROR;
				CLANG_WARN_DOCUMENTATION_COMMENTS = YES;
				CLANG_WARN_EMPTY_BODY = YES;
				CLANG_WARN_ENUM_CONVERSION = YES;
				CLANG_WARN_INFINITE_RECURSION = YES;
				CLANG_WARN_INT_CONVERSION = YES;
				CLANG_WARN_NON_LITERAL_NULL_CONVERSION = YES;
				CLANG_WARN_OBJC_IMPLICIT_RETAIN_SELF = YES;
				CLANG_WARN_OBJC_LITERAL_CONVERSION = YES;
				CLANG_WARN_OBJC_ROOT_CLASS = YES_ERROR;
				CLANG_WARN_RANGE_LOOP_ANALYSIS = YES;
				CLANG_WARN_STRICT_PROTOTYPES = YES;
				CLANG_WARN_SUSPICIOUS_MOVE = YES;
				CLANG_WARN_UNGUARDED_AVAILABILITY = YES_AGGRESSIVE;
				CLANG_WARN_UNREACHABLE_CODE = YES;
				CLANG_WARN__DUPLICATE_METHOD_MATCH = YES;
				CODE_SIGN_IDENTITY = "iPhone Developer";
				COPY_PHASE_STRIP = NO;
				DEBUG_INFORMATION_FORMAT = "dwarf-with-dsym";
				ENABLE_NS_ASSERTIONS = NO;
				ENABLE_STRICT_OBJC_MSGSEND = YES;
				GCC_C_LANGUAGE_STANDARD = gnu11;
				GCC_NO_COMMON_BLOCKS = YES;
				GCC_WARN_64_TO_32_BIT_CONVERSION = YES;
				GCC_WARN_ABOUT_RETURN_TYPE = YES_ERROR;
				GCC_WARN_UNDECLARED_SELECTOR = YES;
				GCC_WARN_UNINITIALIZED_AUTOS = YES_AGGRESSIVE;
				GCC_WARN_UNUSED_FUNCTION = YES;
				GCC_WARN_UNUSED_VARIABLE = YES;
				IPHONEOS_DEPLOYMENT_TARGET = 11.4;
				MTL_ENABLE_DEBUG_INFO = NO;
				SDKROOT = iphoneos;
				SWIFT_COMPILATION_MODE = wholemodule;
				SWIFT_OPTIMIZATION_LEVEL = "-O";
				VALIDATE_PRODUCT = YES;
			};
			name = Release;
		};
		A1ADF11720D3ACA300E47E07 /* Debug */ = {
			isa = XCBuildConfiguration;
			buildSettings = {
				ASSETCATALOG_COMPILER_APPICON_NAME = AppIcon;
				CODE_SIGN_STYLE = Automatic;
				DEVELOPMENT_TEAM = BK5V78RMF7;
				INFOPLIST_FILE = VisionKitAndCoreML/Info.plist;
				IPHONEOS_DEPLOYMENT_TARGET = 11.0;
				LD_RUNPATH_SEARCH_PATHS = (
					"$(inherited)",
					"@executable_path/Frameworks",
				);
				PRODUCT_BUNDLE_IDENTIFIER = com.jasonlee.VisionKitAndCoreML;
				PRODUCT_NAME = "$(TARGET_NAME)";
				SWIFT_VERSION = 4.2;
				TARGETED_DEVICE_FAMILY = "1,2";
			};
			name = Debug;
		};
		A1ADF11820D3ACA300E47E07 /* Release */ = {
			isa = XCBuildConfiguration;
			buildSettings = {
				ASSETCATALOG_COMPILER_APPICON_NAME = AppIcon;
				CODE_SIGN_STYLE = Automatic;
				DEVELOPMENT_TEAM = BK5V78RMF7;
				INFOPLIST_FILE = VisionKitAndCoreML/Info.plist;
				IPHONEOS_DEPLOYMENT_TARGET = 11.0;
				LD_RUNPATH_SEARCH_PATHS = (
					"$(inherited)",
					"@executable_path/Frameworks",
				);
				PRODUCT_BUNDLE_IDENTIFIER = com.jasonlee.VisionKitAndCoreML;
				PRODUCT_NAME = "$(TARGET_NAME)";
				SWIFT_VERSION = 4.2;
				TARGETED_DEVICE_FAMILY = "1,2";
			};
			name = Release;
		};
/* End XCBuildConfiguration section */

/* Begin XCConfigurationList section */
		A1ADF0FF20D3ACA100E47E07 /* Build configuration list for PBXProject "VisionKitAndCoreML" */ = {
			isa = XCConfigurationList;
			buildConfigurations = (
				A1ADF11420D3ACA300E47E07 /* Debug */,
				A1ADF11520D3ACA300E47E07 /* Release */,
			);
			defaultConfigurationIsVisible = 0;
			defaultConfigurationName = Release;
		};
		A1ADF11620D3ACA300E47E07 /* Build configuration list for PBXNativeTarget "VisionKitAndCoreML" */ = {
			isa = XCConfigurationList;
			buildConfigurations = (
				A1ADF11720D3ACA300E47E07 /* Debug */,
				A1ADF11820D3ACA300E47E07 /* Release */,
			);
			defaultConfigurationIsVisible = 0;
			defaultConfigurationName = Release;
		};
/* End XCConfigurationList section */
	};
	rootObject = A1ADF0FC20D3ACA100E47E07 /* Project object */;
}
